
Microsoft Visual Studio Solution File, Format Version 12.00
# Visual Studio Version 17
VisualStudioVersion = 17.3.32929.385
MinimumVisualStudioVersion = 10.0.40219.1
Project("{FAE04EC0-301F-11D3-BF4B-00C04F79EFBC}") = "Calculator", "Calculator\Calculator.csproj", "{6E1CF78A-3556-4155-9536-BE6D11F4601F}"
EndProject
Global
	GlobalSection(SolutionConfigurationPlatforms) = preSolution
		Debug|Any CPU = Debug|Any CPU
		Release|Any CPU = Release|Any CPU
	EndGlobalSection
	GlobalSection(ProjectConfigurationPlatforms) = postSolution
		{6E1CF78A-3556-4155-9536-BE6D11F4601F}.Debug|Any CPU.ActiveCfg = Debug|Any CPU
		{6E1CF78A-3556-4155-9536-BE6D11F4601F}.Debug|Any CPU.Build.0 = Debug|Any CPU
		{6E1CF78A-3556-4155-9536-BE6D11F4601F}.Release|Any CPU.ActiveCfg = Release|Any CPU
		{6E1CF78A-3556-4155-9536-BE6D11F4601F}.Release|Any CPU.Build.0 = Release|Any CPU
	EndGlobalSection
	GlobalSection(SolutionProperties) = preSolution
		HideSolutionNode = FALSE
	EndGlobalSection
	GlobalSection(ExtensibilityGlobals) = postSolution
		SolutionGuid = {C93EC984-0427-4E24-8274-26FE378C0D68}
	EndGlobalSection
EndGlobal
